
Microsoft Visual Studio Solution File, Format Version 12.00
# Visual Studio Version 17
VisualStudioVersion = 17.10.35122.118
MinimumVisualStudioVersion = 10.0.40219.1
Project("{9A19103F-16F7-4668-BE54-9A1E7A4F7556}") = "NewProject_Student", "NewProject_Student.csproj", "{AB93A1B5-3516-4502-9710-5E1147732D6E}"
EndProject
Global
	GlobalSection(SolutionConfigurationPlatforms) = preSolution
		Debug|Any CPU = Debug|Any CPU
		Release|Any CPU = Release|Any CPU
	EndGlobalSection
	GlobalSection(ProjectConfigurationPlatforms) = postSolution
		{AB93A1B5-3516-4502-9710-5E1147732D6E}.Debug|Any CPU.ActiveCfg = Debug|Any CPU
		{AB93A1B5-3516-4502-9710-5E1147732D6E}.Debug|Any CPU.Build.0 = Debug|Any CPU
		{AB93A1B5-3516-4502-9710-5E1147732D6E}.Release|Any CPU.ActiveCfg = Release|Any CPU
		{AB93A1B5-3516-4502-9710-5E1147732D6E}.Release|Any CPU.Build.0 = Release|Any CPU
	EndGlobalSection
	GlobalSection(SolutionProperties) = preSolution
		HideSolutionNode = FALSE
	EndGlobalSection
	GlobalSection(ExtensibilityGlobals) = postSolution
		SolutionGuid = {1F553FF4-5867-46D2-8CED-E3C424E971BD}
	EndGlobalSection
EndGlobal
