
Microsoft Visual Studio Solution File, Format Version 12.00
# Visual Studio Version 17
VisualStudioVersion = 17.10.35122.118
MinimumVisualStudioVersion = 10.0.40219.1
Project("{FAE04EC0-301F-11D3-BF4B-00C04F79EFBC}") = "Hotel_Project", "Hotel_Project.csproj", "{9AE5486D-4473-42B1-AB33-202DA7CEB2CF}"
EndProject
Global
	GlobalSection(SolutionConfigurationPlatforms) = preSolution
		Debug|Any CPU = Debug|Any CPU
		Release|Any CPU = Release|Any CPU
	EndGlobalSection
	GlobalSection(ProjectConfigurationPlatforms) = postSolution
		{9AE5486D-4473-42B1-AB33-202DA7CEB2CF}.Debug|Any CPU.ActiveCfg = Debug|Any CPU
		{9AE5486D-4473-42B1-AB33-202DA7CEB2CF}.Debug|Any CPU.Build.0 = Debug|Any CPU
		{9AE5486D-4473-42B1-AB33-202DA7CEB2CF}.Release|Any CPU.ActiveCfg = Release|Any CPU
		{9AE5486D-4473-42B1-AB33-202DA7CEB2CF}.Release|Any CPU.Build.0 = Release|Any CPU
	EndGlobalSection
	GlobalSection(SolutionProperties) = preSolution
		HideSolutionNode = FALSE
	EndGlobalSection
	GlobalSection(ExtensibilityGlobals) = postSolution
		SolutionGuid = {1D2F6D83-82D5-4F5E-9447-06359F29213F}
	EndGlobalSection
EndGlobal
